
Microsoft Visual Studio Solution File, Format Version 12.00
# Visual Studio Version 17
VisualStudioVersion = 17.14.36203.30 d17.14
MinimumVisualStudioVersion = 10.0.40219.1
Project("{FAE04EC0-301F-11D3-BF4B-00C04F79EFBC}") = "F1-Telemetry-Console", "F1-Telemetry-Console\F1-Telemetry-Console.csproj", "{4D41A326-FADC-4A70-B71A-98F75904B2C1}"
EndProject
Global
	GlobalSection(SolutionConfigurationPlatforms) = preSolution
		Debug|Any CPU = Debug|Any CPU
		Release|Any CPU = Release|Any CPU
	EndGlobalSection
	GlobalSection(ProjectConfigurationPlatforms) = postSolution
		{4D41A326-FADC-4A70-B71A-98F75904B2C1}.Debug|Any CPU.ActiveCfg = Debug|Any CPU
		{4D41A326-FADC-4A70-B71A-98F75904B2C1}.Debug|Any CPU.Build.0 = Debug|Any CPU
		{4D41A326-FADC-4A70-B71A-98F75904B2C1}.Release|Any CPU.ActiveCfg = Release|Any CPU
		{4D41A326-FADC-4A70-B71A-98F75904B2C1}.Release|Any CPU.Build.0 = Release|Any CPU
	EndGlobalSection
	GlobalSection(SolutionProperties) = preSolution
		HideSolutionNode = FALSE
	EndGlobalSection
	GlobalSection(ExtensibilityGlobals) = postSolution
		SolutionGuid = {116DA0CA-6FB3-4A22-9CCB-E2BC03E068F9}
	EndGlobalSection
EndGlobal
